# GENERATED FILE - DO NOT EDIT DIRECTLY
schema_version: 1

bundle:
  version: "0.9.24"
  release_sequence: 79
  source_tree_digest: "sha256:921ee3191bc61d3ef99c7c0bd7a6b893a6df35610c65c3be10e979aef20cff73"
  digest: "sha256:51edfc3ed4ecd84def6755ad921c9845e16b2ecd8cbd5a8a6868f9c454edc6b9"
  attestation_identity_digest: "sha256:a0bc45ec7864d753bab99bf690fe22eb327bf1f14fd53d946779e50df3f76f9b"

projection:
  input_digest: "sha256:49d77793e7aa02348a33fbec8a1d80424bb874d9492b9f532e791837f7003b7f"
  output_digest: "sha256:da402df79aa0c75df76813f6153756693e92ecc0704e52680e8030b1b899d30b"
  files:
    - path: ".gds/compiled-policy.json"
      digest: "sha256:0ce2d980796250571f82efe42072e97a31f7654962655a71d24cbe90f6559446"
